
Microsoft Visual Studio Solution File, Format Version 12.00
# Visual Studio Version 16
VisualStudioVersion = 25.0.1706.11
MinimumVisualStudioVersion = 10.0.40219.1
Project("{FAE04EC0-301F-11D3-BF4B-00C04F79EFBC}") = "GenericCollection", "GenericCollection\GenericCollection.csproj", "{F3711A84-51C8-4C1D-BA7D-5D30D1753B6A}"
EndProject
Global
	GlobalSection(SolutionConfigurationPlatforms) = preSolution
		Debug|Any CPU = Debug|Any CPU
		Release|Any CPU = Release|Any CPU
	EndGlobalSection
	GlobalSection(ProjectConfigurationPlatforms) = postSolution
		{F3711A84-51C8-4C1D-BA7D-5D30D1753B6A}.Debug|Any CPU.ActiveCfg = Debug|Any CPU
		{F3711A84-51C8-4C1D-BA7D-5D30D1753B6A}.Debug|Any CPU.Build.0 = Debug|Any CPU
		{F3711A84-51C8-4C1D-BA7D-5D30D1753B6A}.Release|Any CPU.ActiveCfg = Release|Any CPU
		{F3711A84-51C8-4C1D-BA7D-5D30D1753B6A}.Release|Any CPU.Build.0 = Release|Any CPU
	EndGlobalSection
	GlobalSection(SolutionProperties) = preSolution
		HideSolutionNode = FALSE
	EndGlobalSection
	GlobalSection(ExtensibilityGlobals) = postSolution
		SolutionGuid = {2B39880B-2E9E-46D8-8464-57B08111C80C}
	EndGlobalSection
EndGlobal
